
Microsoft Visual Studio Solution File, Format Version 12.00
# Visual Studio 15
VisualStudioVersion = 15.0.28307.1705
MinimumVisualStudioVersion = 10.0.40219.1
Project("{FAE04EC0-301F-11D3-BF4B-00C04F79EFBC}") = "ADO Mode deco", "ADO Mode deco\ADO Mode deco.csproj", "{F120D73D-5F6A-4F12-984A-74257D8C778D}"
EndProject
Global
	GlobalSection(SolutionConfigurationPlatforms) = preSolution
		Debug|Any CPU = Debug|Any CPU
		Release|Any CPU = Release|Any CPU
	EndGlobalSection
	GlobalSection(ProjectConfigurationPlatforms) = postSolution
		{F120D73D-5F6A-4F12-984A-74257D8C778D}.Debug|Any CPU.ActiveCfg = Debug|Any CPU
		{F120D73D-5F6A-4F12-984A-74257D8C778D}.Debug|Any CPU.Build.0 = Debug|Any CPU
		{F120D73D-5F6A-4F12-984A-74257D8C778D}.Release|Any CPU.ActiveCfg = Release|Any CPU
		{F120D73D-5F6A-4F12-984A-74257D8C778D}.Release|Any CPU.Build.0 = Release|Any CPU
	EndGlobalSection
	GlobalSection(SolutionProperties) = preSolution
		HideSolutionNode = FALSE
	EndGlobalSection
	GlobalSection(ExtensibilityGlobals) = postSolution
		SolutionGuid = {59F1FFDE-D207-4954-9C17-775A14474DB3}
	EndGlobalSection
EndGlobal
